{
  "name": "generator",
  "version": "1.0.0",
  "lockfileVersion": 3,
  "requires": true,
  "packages": {
    "": {
      "name": "generator",
      "version": "1.0.0",
      "license": "ISC",
      "dependencies": {
        "csv": "^6.0.0",
        "semver": "^7.3.2"
      }
    },
    "node_modules/csv": {
      "version": "6.3.2",
      "resolved": "https://registry.npmjs.org/csv/-/csv-6.3.2.tgz",
      "integrity": "sha512-fOm1LBmt4/kjC1RFanNtjSFVjvoh6MS5E/CuQrED5gCfvjHESZD97Fbjfz/W8ZN4wQAxFjzOonATE790UIuLTg==",
      "dependencies": {
        "csv-generate": "^4.2.7",
        "csv-parse": "^5.4.1",
        "csv-stringify": "^6.4.1",
        "stream-transform": "^3.2.7"
      },
      "engines": {
        "node": ">= 0.1.90"
      }
    },
    "node_modules/csv-generate": {
      "version": "4.2.7",
      "resolved": "https://registry.npmjs.org/csv-generate/-/csv-generate-4.2.7.tgz",
      "integrity": "sha512-TDtG+SL0LUdBFYmHqfRhMTW5oj4vgOa73MtXesLXWJ+fdcVF+LZss0uUEla/3Xle7pc2pl9mcsXLQ4QqS9qE4g=="
    },
    "node_modules/csv-parse": {
      "version": "5.4.1",
      "resolved": "https://registry.npmjs.org/csv-parse/-/csv-parse-5.4.1.tgz",
      "integrity": "sha512-DL6gLkEatPgB8Fkwf5igeiSIBTY2MVDWb0Edp+cdbK/U+5IXVvVEEOjno9yA8+Dgyu0HaRZ5P/kOVqgUzGJGUA=="
    },
    "node_modules/csv-stringify": {
      "version": "6.4.1",
      "resolved": "https://registry.npmjs.org/csv-stringify/-/csv-stringify-6.4.1.tgz",
      "integrity": "sha512-py56qXoqB0z8UZGbqIopgS34H7twT0Tmxigg6S+g/M9xSz7Y4unyXPrrU2fHPqEDcdxJTMs/xJBPF5zQ7LHeoQ=="
    },
    "node_modules/lru-cache": {
      "version": "6.0.0",
      "resolved": "https://registry.npmjs.org/lru-cache/-/lru-cache-6.0.0.tgz",
      "integrity": "sha512-Jo6dJ04CmSjuznwJSS3pUeWmd/H0ffTlkXXgwZi+eq1UCmqQwCh+eLsYOYCwY991i2Fah4h1BEMCx4qThGbsiA==",
      "dependencies": {
        "yallist": "^4.0.0"
      },
      "engines": {
        "node": ">=10"
      }
    },
    "node_modules/semver": {
      "version": "7.5.4",
      "resolved": "https://registry.npmjs.org/semver/-/semver-7.5.4.tgz",
      "integrity": "sha512-1bCSESV6Pv+i21Hvpxp3Dx+pSD8lIPt8uVjRrxAUt/nbswYc+tK6Y2btiULjd4+fnq15PX+nqQDC7Oft7WkwcA==",
      "dependencies": {
        "lru-cache": "^6.0.0"
      },
      "bin": {
        "semver": "bin/semver.js"
      },
      "engines": {
        "node": ">=10"
      }
    },
    "node_modules/stream-transform": {
      "version": "3.2.7",
      "resolved": "https://registry.npmjs.org/stream-transform/-/stream-transform-3.2.7.tgz",
      "integrity": "sha512-z7oK+qt6F8/lQJjXr+99IPuBrKv2tP9vG982J4rtabIJ6RsCXB/T0wyRpHMjmHzoME+XHr2xywFYFwCAqPF8/Q=="
    },
    "node_modules/yallist": {
      "version": "4.0.0",
      "resolved": "https://registry.npmjs.org/yallist/-/yallist-4.0.0.tgz",
      "integrity": "sha512-3wdGidZyq5PB084XLES5TpOSRA3wjXAlIWMhum2kRcv/41Sn2emQ0dycQW4uZXLejwKvg6EsvbdlVL+FYEct7A=="
    }
  }
}
